
Microsoft Visual Studio Solution File, Format Version 12.00
# Visual Studio Version 16
VisualStudioVersion = 16.0.31205.134
MinimumVisualStudioVersion = 10.0.40219.1
Project("{FAE04EC0-301F-11D3-BF4B-00C04F79EFBC}") = "Daily_Report_Assignment", "Daily_Report_Assignment\Daily_Report_Assignment.csproj", "{C04A1510-7FDC-473C-86C6-7170132690AB}"
EndProject
Global
	GlobalSection(SolutionConfigurationPlatforms) = preSolution
		Debug|Any CPU = Debug|Any CPU
		Release|Any CPU = Release|Any CPU
	EndGlobalSection
	GlobalSection(ProjectConfigurationPlatforms) = postSolution
		{C04A1510-7FDC-473C-86C6-7170132690AB}.Debug|Any CPU.ActiveCfg = Debug|Any CPU
		{C04A1510-7FDC-473C-86C6-7170132690AB}.Debug|Any CPU.Build.0 = Debug|Any CPU
		{C04A1510-7FDC-473C-86C6-7170132690AB}.Release|Any CPU.ActiveCfg = Release|Any CPU
		{C04A1510-7FDC-473C-86C6-7170132690AB}.Release|Any CPU.Build.0 = Release|Any CPU
	EndGlobalSection
	GlobalSection(SolutionProperties) = preSolution
		HideSolutionNode = FALSE
	EndGlobalSection
	GlobalSection(ExtensibilityGlobals) = postSolution
		SolutionGuid = {F4715A6A-D4E0-4A4C-BC2A-FD165CC3FADE}
	EndGlobalSection
EndGlobal
