
Microsoft Visual Studio Solution File, Format Version 12.00
# Visual Studio Version 16
VisualStudioVersion = 16.0.31205.134
MinimumVisualStudioVersion = 10.0.40219.1
Project("{FAE04EC0-301F-11D3-BF4B-00C04F79EFBC}") = "Math_Comparison", "Math_Comparison\Math_Comparison.csproj", "{76A60879-1821-410E-AA50-11F0B19F9C71}"
EndProject
Global
	GlobalSection(SolutionConfigurationPlatforms) = preSolution
		Debug|Any CPU = Debug|Any CPU
		Release|Any CPU = Release|Any CPU
	EndGlobalSection
	GlobalSection(ProjectConfigurationPlatforms) = postSolution
		{76A60879-1821-410E-AA50-11F0B19F9C71}.Debug|Any CPU.ActiveCfg = Debug|Any CPU
		{76A60879-1821-410E-AA50-11F0B19F9C71}.Debug|Any CPU.Build.0 = Debug|Any CPU
		{76A60879-1821-410E-AA50-11F0B19F9C71}.Release|Any CPU.ActiveCfg = Release|Any CPU
		{76A60879-1821-410E-AA50-11F0B19F9C71}.Release|Any CPU.Build.0 = Release|Any CPU
	EndGlobalSection
	GlobalSection(SolutionProperties) = preSolution
		HideSolutionNode = FALSE
	EndGlobalSection
	GlobalSection(ExtensibilityGlobals) = postSolution
		SolutionGuid = {B71CC572-60DD-49F7-ACE5-931FE44E5F07}
	EndGlobalSection
EndGlobal
